Microsoft Visual Studio Solution File, Format Version 11.00
# Visual Studio 2008

Project("{6F87E3D7-9403-FC4F-769F-29508CB00083}") = "Babylon Dust", "Assembly-CSharp.csproj", "{A9D71A9D-D15F-567B-615C-7028AD0B5B45}"
EndProject
Global
	GlobalSection(SolutionConfigurationPlatforms) = preSolution
		Debug|Any CPU = Debug|Any CPU
		Release|Any CPU = Release|Any CPU
	EndGlobalSection
	GlobalSection(ProjectConfigurationPlatforms) = postSolution
		{A9D71A9D-D15F-567B-615C-7028AD0B5B45}.Debug|Any CPU.ActiveCfg = Debug|Any CPU
		{A9D71A9D-D15F-567B-615C-7028AD0B5B45}.Debug|Any CPU.Build.0 = Debug|Any CPU
		{A9D71A9D-D15F-567B-615C-7028AD0B5B45}.Release|Any CPU.ActiveCfg = Release|Any CPU
		{A9D71A9D-D15F-567B-615C-7028AD0B5B45}.Release|Any CPU.Build.0 = Release|Any CPU
	EndGlobalSection
	GlobalSection(SolutionProperties) = preSolution
		HideSolutionNode = FALSE
	EndGlobalSection
	GlobalSection(MonoDevelopProperties) = preSolution
		StartupItem = Assembly-CSharp.csproj
	EndGlobalSection
EndGlobal
